<?xml version="1.0" encoding="utf-8"?>
<Project ToolsVersion="4.0" xmlns="http://schemas.microsoft.com/developer/msbuild/2003">
  <ItemGroup>
    <Filter Include="login_server">
      <UniqueIdentifier>{e46a3d54-1dd5-43c4-a693-e21d24b762ea}</UniqueIdentifier>
    </Filter>
  </ItemGroup>
  <ItemGroup>
    <ClCompile Include="login_server\login_server.cpp">
      <Filter>login_server</Filter>
    </ClCompile>
    <ClCompile Include="login_server\login_net_module.cpp">
      <Filter>login_server</Filter>
    </ClCompile>
  </ItemGroup>
  <ItemGroup>
    <ClInclude Include="login_server\login_server.h">
      <Filter>login_server</Filter>
    </ClInclude>
    <ClInclude Include="login_server\login_net_module.h">
      <Filter>login_server</Filter>
    </ClInclude>
  </ItemGroup>
</Project>