<?xml version="1.0" encoding="utf-8"?>
<Project ToolsVersion="4.0" xmlns="http://schemas.microsoft.com/developer/msbuild/2003">
  <ItemGroup>
    <Filter Include="db_server">
      <UniqueIdentifier>{344ccb74-02dc-4564-bd83-097f91b5e530}</UniqueIdentifier>
    </Filter>
  </ItemGroup>
  <ItemGroup>
    <ClCompile Include="main.cpp" />
    <ClCompile Include="db_server\db_accept_service.cpp">
      <Filter>db_server</Filter>
    </ClCompile>
    <ClCompile Include="db_server\db_conn_service.cpp">
      <Filter>db_server</Filter>
    </ClCompile>
    <ClCompile Include="db_server\db_net_module.cpp">
      <Filter>db_server</Filter>
    </ClCompile>
    <ClCompile Include="db_server\db_server.cpp">
      <Filter>db_server</Filter>
    </ClCompile>
  </ItemGroup>
  <ItemGroup>
    <ClInclude Include="db_server\db_accept_service.h">
      <Filter>db_server</Filter>
    </ClInclude>
    <ClInclude Include="db_server\db_conn_service.h">
      <Filter>db_server</Filter>
    </ClInclude>
    <ClInclude Include="db_server\db_net_module.h">
      <Filter>db_server</Filter>
    </ClInclude>
    <ClInclude Include="db_server\db_server.h">
      <Filter>db_server</Filter>
    </ClInclude>
  </ItemGroup>
</Project>